
Microsoft Visual Studio Solution File, Format Version 12.00
# Visual Studio Version 17
VisualStudioVersion = 17.4.33103.184
MinimumVisualStudioVersion = 10.0.40219.1
Project("{FAE04EC0-301F-11D3-BF4B-00C04F79EFBC}") = "CQRSpattern", "CQRSpattern\CQRSpattern.csproj", "{2A73FB70-D6BF-43D2-8B87-082C975BCC8C}"
EndProject
Global
	GlobalSection(SolutionConfigurationPlatforms) = preSolution
		Debug|Any CPU = Debug|Any CPU
		Release|Any CPU = Release|Any CPU
	EndGlobalSection
	GlobalSection(ProjectConfigurationPlatforms) = postSolution
		{2A73FB70-D6BF-43D2-8B87-082C975BCC8C}.Debug|Any CPU.ActiveCfg = Debug|Any CPU
		{2A73FB70-D6BF-43D2-8B87-082C975BCC8C}.Debug|Any CPU.Build.0 = Debug|Any CPU
		{2A73FB70-D6BF-43D2-8B87-082C975BCC8C}.Release|Any CPU.ActiveCfg = Release|Any CPU
		{2A73FB70-D6BF-43D2-8B87-082C975BCC8C}.Release|Any CPU.Build.0 = Release|Any CPU
	EndGlobalSection
	GlobalSection(SolutionProperties) = preSolution
		HideSolutionNode = FALSE
	EndGlobalSection
	GlobalSection(ExtensibilityGlobals) = postSolution
		SolutionGuid = {46E68ADB-AE60-4FDD-B773-ED679B2827F8}
	EndGlobalSection
EndGlobal
